
Microsoft Visual Studio Solution File, Format Version 12.00
# Visual Studio Version 17
VisualStudioVersion = 17.2.32519.379
MinimumVisualStudioVersion = 10.0.40219.1
Project("{FAE04EC0-301F-11D3-BF4B-00C04F79EFBC}") = "RetoTraductor", "RetoTraductor\RetoTraductor.csproj", "{1F180CF3-E917-4B79-903C-FC9F19E351D6}"
EndProject
Global
	GlobalSection(SolutionConfigurationPlatforms) = preSolution
		Debug|Any CPU = Debug|Any CPU
		Release|Any CPU = Release|Any CPU
	EndGlobalSection
	GlobalSection(ProjectConfigurationPlatforms) = postSolution
		{1F180CF3-E917-4B79-903C-FC9F19E351D6}.Debug|Any CPU.ActiveCfg = Debug|Any CPU
		{1F180CF3-E917-4B79-903C-FC9F19E351D6}.Debug|Any CPU.Build.0 = Debug|Any CPU
		{1F180CF3-E917-4B79-903C-FC9F19E351D6}.Release|Any CPU.ActiveCfg = Release|Any CPU
		{1F180CF3-E917-4B79-903C-FC9F19E351D6}.Release|Any CPU.Build.0 = Release|Any CPU
	EndGlobalSection
	GlobalSection(SolutionProperties) = preSolution
		HideSolutionNode = FALSE
	EndGlobalSection
	GlobalSection(ExtensibilityGlobals) = postSolution
		SolutionGuid = {50A0D691-6DEB-422D-B013-F371815ABCE4}
	EndGlobalSection
EndGlobal
